{
  "name": "pychord-quality-port",
  "version": "1.0.0",
  "lockfileVersion": 1,
  "requires": true,
  "dependencies": {
    "@tonaljs/abc-notation": {
      "version": "4.5.1",
      "resolved": "https://registry.npmjs.org/@tonaljs/abc-notation/-/abc-notation-4.5.1.tgz",
      "integrity": "sha512-xapFuj1e7jyNSPq0qiW9ohW0CbdI4nDy0qIQJ+zyLvTD6i8r3ZvQN5DRdemYYl2VAaxkHh1zPhuaHOucHK2kRQ==",
      "requires": {
        "@tonaljs/core": "^4.5.1"
      }
    },
    "@tonaljs/array": {
      "version": "4.5.1",
      "resolved": "https://registry.npmjs.org/@tonaljs/array/-/array-4.5.1.tgz",
      "integrity": "sha512-QDHke1btJCDtUPqbuhySkaeR2c5FEyH7wt7tCIiQwOCYbC6wabksH9zo0cbbvc0yOdy96RKqHv+mNcUu9rp0oA==",
      "requires": {
        "@tonaljs/core": "^4.5.1"
      }
    },
    "@tonaljs/chord": {
      "version": "4.5.1",
      "resolved": "https://registry.npmjs.org/@tonaljs/chord/-/chord-4.5.1.tgz",
      "integrity": "sha512-lPvJ96L61m0aJsB8eEagx3yTcoJZMTXIxzoKVg2ge9xtPI9Iq5p5Y3aX5fkb12HpOu2Hoas3Kg2favCN0AENpw==",
      "requires": {
        "@tonaljs/chord-detect": "^4.5.1",
        "@tonaljs/chord-type": "^4.5.1",
        "@tonaljs/collection": "^4.5.1",
        "@tonaljs/core": "^4.5.1",
        "@tonaljs/pcset": "^4.5.1",
        "@tonaljs/scale-type": "^4.5.1"
      }
    },
    "@tonaljs/chord-detect": {
      "version": "4.5.1",
      "resolved": "https://registry.npmjs.org/@tonaljs/chord-detect/-/chord-detect-4.5.1.tgz",
      "integrity": "sha512-rA6vSLsd0b+oTEg3qZicsARXix49jKMoQLpqYnFWfNwSEop0eWcTv5cORJ6vcRrML+9TkXr9qtbZyvzK4Ev2Qw==",
      "requires": {
        "@tonaljs/chord-type": "^4.5.1",
        "@tonaljs/core": "^4.5.1",
        "@tonaljs/pcset": "^4.5.1"
      }
    },
    "@tonaljs/chord-type": {
      "version": "4.5.1",
      "resolved": "https://registry.npmjs.org/@tonaljs/chord-type/-/chord-type-4.5.1.tgz",
      "integrity": "sha512-QHrQEnBmjqdOpuJ2Bs4vqX4Z6gAo3LtUOHiJuoj8KyEHvUelmgj4UwXz7mQYc2eSyrpyBzhkPsZXbMXn4frZ+Q==",
      "requires": {
        "@tonaljs/core": "^4.5.1",
        "@tonaljs/pcset": "^4.5.1"
      }
    },
    "@tonaljs/collection": {
      "version": "4.5.1",
      "resolved": "https://registry.npmjs.org/@tonaljs/collection/-/collection-4.5.1.tgz",
      "integrity": "sha512-MEKjbJaS4SNUsIegW+IIGXgUZGs+Q/W9nSvdJWJnE0Jnxk76mNUNBzfT3OZBsDAlup/uazbEwzmaMHKvoXlAnA=="
    },
    "@tonaljs/core": {
      "version": "4.5.1",
      "resolved": "https://registry.npmjs.org/@tonaljs/core/-/core-4.5.1.tgz",
      "integrity": "sha512-dJxnI3wKZkgMhhrzV9gR+JBUUncgKcU2sxriVR53xCrxInwd7ql00018y21V8X9wsiMwyFjpGwlmegQEw13fkg=="
    },
    "@tonaljs/duration-value": {
      "version": "4.5.1",
      "resolved": "https://registry.npmjs.org/@tonaljs/duration-value/-/duration-value-4.5.1.tgz",
      "integrity": "sha512-J4ABYcLheOFsnVIY2mqZhHIekepuO0fDZ2KB+6DOnslkNXrYjKT4H1H/qv4/gLOZzbcDfYyj43e5jag+4BcL4w=="
    },
    "@tonaljs/interval": {
      "version": "4.5.1",
      "resolved": "https://registry.npmjs.org/@tonaljs/interval/-/interval-4.5.1.tgz",
      "integrity": "sha512-nqu7h8Lq8t6hhITRqcC8oLZhq+KSTHZbV29af7cSrYanZb0/mzJUg3GcGLAyMoUksKo40A5ArRcaWXvoWighLg==",
      "requires": {
        "@tonaljs/core": "^4.5.1"
      }
    },
    "@tonaljs/key": {
      "version": "4.6.0",
      "resolved": "https://registry.npmjs.org/@tonaljs/key/-/key-4.6.0.tgz",
      "integrity": "sha512-a45oY4UIIPgIeiesH6M8tpA2j053Pi8WgMlZGMRCMEWxuaLXz6Ej4qdwuBYyby0M17cZvCSNDAFd+aZsTuLq5g==",
      "requires": {
        "@tonaljs/core": "^4.5.1",
        "@tonaljs/note": "^4.6.0",
        "@tonaljs/roman-numeral": "^4.5.1"
      }
    },
    "@tonaljs/midi": {
      "version": "4.5.1",
      "resolved": "https://registry.npmjs.org/@tonaljs/midi/-/midi-4.5.1.tgz",
      "integrity": "sha512-CMfBtouilxGRR+lrmjiupMD10KRCanMvFVbGdcmwHRDNBQFtUw2fOUQoWdinEwky2KFPbuxpQ2vXibmiAViH/Q==",
      "requires": {
        "@tonaljs/core": "^4.5.1"
      }
    },
    "@tonaljs/mode": {
      "version": "4.5.1",
      "resolved": "https://registry.npmjs.org/@tonaljs/mode/-/mode-4.5.1.tgz",
      "integrity": "sha512-NFygHwxyyp+k3DioLhVQaI4FiEumKYANqgY3hvjf9e4dfnb6GbE4692KvDTX5Tgmg7wCcJDWs6s1YtAbFbAZbw==",
      "requires": {
        "@tonaljs/collection": "^4.5.1",
        "@tonaljs/core": "^4.5.1",
        "@tonaljs/interval": "^4.5.1",
        "@tonaljs/pcset": "^4.5.1"
      }
    },
    "@tonaljs/note": {
      "version": "4.6.0",
      "resolved": "https://registry.npmjs.org/@tonaljs/note/-/note-4.6.0.tgz",
      "integrity": "sha512-09DqI3khZXqa0KziAXP3D9Yc7nklyYYMyL9IthtpPGrqaZyoA5ryrGUhtpXWg/tOrtkNx3VK+iJFDQdUiA9btQ==",
      "requires": {
        "@tonaljs/core": "^4.5.1",
        "@tonaljs/midi": "^4.5.1"
      }
    },
    "@tonaljs/pcset": {
      "version": "4.5.1",
      "resolved": "https://registry.npmjs.org/@tonaljs/pcset/-/pcset-4.5.1.tgz",
      "integrity": "sha512-v5xGgwadWidd0lZa1T7JdtelcqcRTtv9cEv+JXbRsjVn6WNLcRbfnA3dHrveJ8CysK45Bnuh3gvG1fu9SOZesA==",
      "requires": {
        "@tonaljs/collection": "^4.5.1",
        "@tonaljs/core": "^4.5.1"
      }
    },
    "@tonaljs/progression": {
      "version": "4.5.1",
      "resolved": "https://registry.npmjs.org/@tonaljs/progression/-/progression-4.5.1.tgz",
      "integrity": "sha512-xXEAMSKQs2PhrgPRP/hqn+AHKv+UcsryCRrLSQTEntY1AQW6eWlCIxWkgKASXRS926Y+eiGp6fdCR/4T5+wunQ==",
      "requires": {
        "@tonaljs/chord": "^4.5.1",
        "@tonaljs/core": "^4.5.1",
        "@tonaljs/roman-numeral": "^4.5.1"
      }
    },
    "@tonaljs/range": {
      "version": "4.5.1",
      "resolved": "https://registry.npmjs.org/@tonaljs/range/-/range-4.5.1.tgz",
      "integrity": "sha512-wHxy6o5TGtHSR0YcLAIUFcjg5D8GNHvQEAOXDujgakZ60hRxjYdIVMBcyFVbP4hd9zHGKRb8IqcwdtmWcWlcNw==",
      "requires": {
        "@tonaljs/collection": "^4.5.1",
        "@tonaljs/midi": "^4.5.1"
      }
    },
    "@tonaljs/roman-numeral": {
      "version": "4.5.1",
      "resolved": "https://registry.npmjs.org/@tonaljs/roman-numeral/-/roman-numeral-4.5.1.tgz",
      "integrity": "sha512-esdWyFd/g8zzsreRa6fj4k7hCnOqtSJdClgVkikUcatDu0DA8NRlifpPagPx3TDikU0vF/jb2WoWITjLO7NMYA==",
      "requires": {
        "@tonaljs/core": "^4.5.1"
      }
    },
    "@tonaljs/scale": {
      "version": "4.6.0",
      "resolved": "https://registry.npmjs.org/@tonaljs/scale/-/scale-4.6.0.tgz",
      "integrity": "sha512-ysmenWuovMu/aWHVn56o7UhQA9DTXY9o5PoaIDlZa7+CM2LXqkiayL6FAPJ7Y3ss7bOSFwovDd53yYwK9/xT9A==",
      "requires": {
        "@tonaljs/chord-type": "^4.5.1",
        "@tonaljs/collection": "^4.5.1",
        "@tonaljs/core": "^4.5.1",
        "@tonaljs/note": "^4.6.0",
        "@tonaljs/pcset": "^4.5.1",
        "@tonaljs/scale-type": "^4.5.1"
      }
    },
    "@tonaljs/scale-type": {
      "version": "4.5.1",
      "resolved": "https://registry.npmjs.org/@tonaljs/scale-type/-/scale-type-4.5.1.tgz",
      "integrity": "sha512-FgOkAJ4+6hmMgCMY6AWD4lFv/FOeO4HiGY7ZcYvpyUB22oE9uQyrcXs3E18BFrsnr3Y9RXwvg5qW7/VUI33Ocg==",
      "requires": {
        "@tonaljs/core": "^4.5.1",
        "@tonaljs/pcset": "^4.5.1"
      }
    },
    "@tonaljs/time-signature": {
      "version": "4.5.1",
      "resolved": "https://registry.npmjs.org/@tonaljs/time-signature/-/time-signature-4.5.1.tgz",
      "integrity": "sha512-ci35yhEIDniPUCZRG7ey8WYJIzgQchAGLCRggQd20wERPIry2rdItK2w+CVaSxvCy057PPTX6mH6ax/LRsF6PA=="
    },
    "@tonaljs/tonal": {
      "version": "4.6.0",
      "resolved": "https://registry.npmjs.org/@tonaljs/tonal/-/tonal-4.6.0.tgz",
      "integrity": "sha512-KlRYI/9Iv73Oupc1vxU8QgjWJEnu+yBGUxsgGleDAOEtS/rdFsEu0BkaGsPr2cj2S9kt91M3herqHd6Nl9TbCA==",
      "requires": {
        "@tonaljs/abc-notation": "^4.5.1",
        "@tonaljs/array": "^4.5.1",
        "@tonaljs/chord": "^4.5.1",
        "@tonaljs/chord-type": "^4.5.1",
        "@tonaljs/collection": "^4.5.1",
        "@tonaljs/core": "^4.5.1",
        "@tonaljs/duration-value": "^4.5.1",
        "@tonaljs/interval": "^4.5.1",
        "@tonaljs/key": "^4.6.0",
        "@tonaljs/midi": "^4.5.1",
        "@tonaljs/mode": "^4.5.1",
        "@tonaljs/note": "^4.6.0",
        "@tonaljs/pcset": "^4.5.1",
        "@tonaljs/progression": "^4.5.1",
        "@tonaljs/range": "^4.5.1",
        "@tonaljs/roman-numeral": "^4.5.1",
        "@tonaljs/scale": "^4.6.0",
        "@tonaljs/scale-type": "^4.5.1",
        "@tonaljs/time-signature": "^4.5.1"
      }
    },
    "@types/node": {
      "version": "12.19.8",
      "resolved": "https://registry.npmjs.org/@types/node/-/node-12.19.8.tgz",
      "integrity": "sha512-D4k2kNi0URNBxIRCb1khTnkWNHv8KSL1owPmS/K5e5t8B2GzMReY7AsJIY1BnP5KdlgC4rj9jk2IkDMasIE7xg==",
      "dev": true
    },
    "arg": {
      "version": "4.1.3",
      "resolved": "https://registry.npmjs.org/arg/-/arg-4.1.3.tgz",
      "integrity": "sha512-58S9QDqG0Xx27YwPSt9fJxivjYl432YCwfDMfZ+71RAqUrZef7LrKQZ3LHLOwCS4FLNBplP533Zx895SeOCHvA==",
      "dev": true
    },
    "buffer-from": {
      "version": "1.1.1",
      "resolved": "https://registry.npmjs.org/buffer-from/-/buffer-from-1.1.1.tgz",
      "integrity": "sha512-MQcXEUbCKtEo7bhqEs6560Hyd4XaovZlO/k9V3hjVUF/zwW7KBVdSK4gIt/bzwS9MbR5qob+F5jusZsb0YQK2A==",
      "dev": true
    },
    "create-require": {
      "version": "1.1.1",
      "resolved": "https://registry.npmjs.org/create-require/-/create-require-1.1.1.tgz",
      "integrity": "sha512-dcKFX3jn0MpIaXjisoRvexIJVEKzaq7z2rZKxf+MSr9TkdmHmsU4m2lcLojrj/FHl8mk5VxMmYA+ftRkP/3oKQ==",
      "dev": true
    },
    "diff": {
      "version": "4.0.2",
      "resolved": "https://registry.npmjs.org/diff/-/diff-4.0.2.tgz",
      "integrity": "sha512-58lmxKSA4BNyLz+HHMUzlOEpg09FV+ev6ZMe3vJihgdxzgcwZ8VoEEPmALCZG9LmqfVoNMMKpttIYTVG6uDY7A==",
      "dev": true
    },
    "make-error": {
      "version": "1.3.6",
      "resolved": "https://registry.npmjs.org/make-error/-/make-error-1.3.6.tgz",
      "integrity": "sha512-s8UhlNe7vPKomQhC1qFelMokr/Sc3AgNbso3n74mVPA5LTZwkB9NlXf4XPamLxJE8h0gh73rM94xvwRT2CVInw==",
      "dev": true
    },
    "source-map": {
      "version": "0.6.1",
      "resolved": "https://registry.npmjs.org/source-map/-/source-map-0.6.1.tgz",
      "integrity": "sha512-UjgapumWlbMhkBgzT7Ykc5YXUT46F0iKu8SGXq0bcwP5dz/h0Plj6enJqjz1Zbq2l5WaqYnrVbwWOWMyF3F47g==",
      "dev": true
    },
    "source-map-support": {
      "version": "0.5.19",
      "resolved": "https://registry.npmjs.org/source-map-support/-/source-map-support-0.5.19.tgz",
      "integrity": "sha512-Wonm7zOCIJzBGQdB+thsPar0kYuCIzYvxZwlBa87yi/Mdjv7Tip2cyVbLj5o0cFPN4EVkuTwb3GDDyUx2DGnGw==",
      "dev": true,
      "requires": {
        "buffer-from": "^1.0.0",
        "source-map": "^0.6.0"
      }
    },
    "ts-node": {
      "version": "9.1.0",
      "resolved": "https://registry.npmjs.org/ts-node/-/ts-node-9.1.0.tgz",
      "integrity": "sha512-0yqcL4sgruCvM+w64LiAfNJo6+lHfCYc5Ajj4yiLNkJ9oZ2HWaa+Kso7htYOOxVQ7+csAjdUjffOe9PIqC4pMg==",
      "dev": true,
      "requires": {
        "arg": "^4.1.0",
        "create-require": "^1.1.0",
        "diff": "^4.0.1",
        "make-error": "^1.1.1",
        "source-map-support": "^0.5.17",
        "yn": "3.1.1"
      }
    },
    "typescript": {
      "version": "4.1.2",
      "resolved": "https://registry.npmjs.org/typescript/-/typescript-4.1.2.tgz",
      "integrity": "sha512-thGloWsGH3SOxv1SoY7QojKi0tc+8FnOmiarEGMbd/lar7QOEd3hvlx3Fp5y6FlDUGl9L+pd4n2e+oToGMmhRQ==",
      "dev": true
    },
    "yn": {
      "version": "3.1.1",
      "resolved": "https://registry.npmjs.org/yn/-/yn-3.1.1.tgz",
      "integrity": "sha512-Ux4ygGWsu2c7isFWe8Yu1YluJmqVhxqK2cLXNQA5AcC3QfbGNpM7fu0Y8b/z16pXLnFxZYvWhd3fhBY9DLmC6Q==",
      "dev": true
    }
  }
}
